
Microsoft Visual Studio Solution File, Format Version 12.00
# Visual Studio Version 17
VisualStudioVersion = 17.9.34622.214
MinimumVisualStudioVersion = 10.0.40219.1
Project("{9A19103F-16F7-4668-BE54-9A1E7A4F7556}") = "Firestore.ORM", "Firestore.ORM\Firestore.ORM.csproj", "{38B8D7CB-3292-4606-BECF-C8A08929532C}"
EndProject
Global
	GlobalSection(SolutionConfigurationPlatforms) = preSolution
		Debug|Any CPU = Debug|Any CPU
		Release|Any CPU = Release|Any CPU
	EndGlobalSection
	GlobalSection(ProjectConfigurationPlatforms) = postSolution
		{38B8D7CB-3292-4606-BECF-C8A08929532C}.Debug|Any CPU.ActiveCfg = Debug|Any CPU
		{38B8D7CB-3292-4606-BECF-C8A08929532C}.Debug|Any CPU.Build.0 = Debug|Any CPU
		{38B8D7CB-3292-4606-BECF-C8A08929532C}.Release|Any CPU.ActiveCfg = Release|Any CPU
		{38B8D7CB-3292-4606-BECF-C8A08929532C}.Release|Any CPU.Build.0 = Release|Any CPU
	EndGlobalSection
	GlobalSection(SolutionProperties) = preSolution
		HideSolutionNode = FALSE
	EndGlobalSection
	GlobalSection(ExtensibilityGlobals) = postSolution
		SolutionGuid = {360B246B-3042-411E-B261-6580F6552026}
	EndGlobalSection
EndGlobal
